
Microsoft Visual Studio Solution File, Format Version 12.00
# Visual Studio Version 17
VisualStudioVersion = 17.9.34728.123
MinimumVisualStudioVersion = 10.0.40219.1
Project("{FAE04EC0-301F-11D3-BF4B-00C04F79EFBC}") = "insurance-partners-management-system", "insurance-partners-management-system\insurance-partners-management-system.csproj", "{AF0B9BF3-1CA3-4DD6-B13A-0D2583DDBA98}"
EndProject
Global
	GlobalSection(SolutionConfigurationPlatforms) = preSolution
		Debug|Any CPU = Debug|Any CPU
		Release|Any CPU = Release|Any CPU
	EndGlobalSection
	GlobalSection(ProjectConfigurationPlatforms) = postSolution
		{AF0B9BF3-1CA3-4DD6-B13A-0D2583DDBA98}.Debug|Any CPU.ActiveCfg = Debug|Any CPU
		{AF0B9BF3-1CA3-4DD6-B13A-0D2583DDBA98}.Debug|Any CPU.Build.0 = Debug|Any CPU
		{AF0B9BF3-1CA3-4DD6-B13A-0D2583DDBA98}.Release|Any CPU.ActiveCfg = Release|Any CPU
		{AF0B9BF3-1CA3-4DD6-B13A-0D2583DDBA98}.Release|Any CPU.Build.0 = Release|Any CPU
	EndGlobalSection
	GlobalSection(SolutionProperties) = preSolution
		HideSolutionNode = FALSE
	EndGlobalSection
	GlobalSection(ExtensibilityGlobals) = postSolution
		SolutionGuid = {4D07DEFF-C2EB-48B7-832F-6BE2F0E7C0F7}
	EndGlobalSection
EndGlobal
